// !$*UTF8*$!
{
	archiveVersion = 1;
	classes = {
	};
	objectVersion = 56;
	objects = {

/* Begin PBXBuildFile section */
		11C7CD3729C465B400D4811A /* AppDelegate.swift in Sources */ = {isa = PBXBuildFile; fileRef = 11C7CD3629C465B400D4811A /* AppDelegate.swift */; };
		11C7CD3B29C465B400D4811A /* MainViewController.swift in Sources */ = {isa = PBXBuildFile; fileRef = 11C7CD3A29C465B400D4811A /* MainViewController.swift */; };
		11C7CD3E29C465B400D4811A /* Main.storyboard in Resources */ = {isa = PBXBuildFile; fileRef = 11C7CD3C29C465B400D4811A /* Main.storyboard */; };
		11C7CD4029C465B600D4811A /* Assets.xcassets in Resources */ = {isa = PBXBuildFile; fileRef = 11C7CD3F29C465B600D4811A /* Assets.xcassets */; };
		11C7CD4329C465B600D4811A /* LaunchScreen.storyboard in Resources */ = {isa = PBXBuildFile; fileRef = 11C7CD4129C465B600D4811A /* LaunchScreen.storyboard */; };
		11C7CD4E29C4698D00D4811A /* AppCoordinator.swift in Sources */ = {isa = PBXBuildFile; fileRef = 11C7CD4D29C4698D00D4811A /* AppCoordinator.swift */; };
		11C7CD5029C469DB00D4811A /* MainViewModel.swift in Sources */ = {isa = PBXBuildFile; fileRef = 11C7CD4F29C469DB00D4811A /* MainViewModel.swift */; };
		11C7CD5329C46A6100D4811A /* UIViewControllerExtension.swift in Sources */ = {isa = PBXBuildFile; fileRef = 11C7CD5229C46A6100D4811A /* UIViewControllerExtension.swift */; };
		11C7CD5529C46A9500D4811A /* UIViewExtension.swift in Sources */ = {isa = PBXBuildFile; fileRef = 11C7CD5429C46A9500D4811A /* UIViewExtension.swift */; };
		11C7CD5929C46B4900D4811A /* swiftgen.yml in Resources */ = {isa = PBXBuildFile; fileRef = 11C7CD5829C46B4900D4811A /* swiftgen.yml */; };
		11C7CD5C29C46B6200D4811A /* Storyboards.swift in Sources */ = {isa = PBXBuildFile; fileRef = 11C7CD5B29C46B6200D4811A /* Storyboards.swift */; };
		11C7CD5F29C46CEF00D4811A /* Home.storyboard in Resources */ = {isa = PBXBuildFile; fileRef = 11C7CD5E29C46CEF00D4811A /* Home.storyboard */; };
		11C7CD6129C46D4300D4811A /* HomeViewController.swift in Sources */ = {isa = PBXBuildFile; fileRef = 11C7CD6029C46D4300D4811A /* HomeViewController.swift */; };
		11C7CD6329C46D6200D4811A /* HomeViewModel.swift in Sources */ = {isa = PBXBuildFile; fileRef = 11C7CD6229C46D6200D4811A /* HomeViewModel.swift */; };
		11C7CD6529C46D7200D4811A /* HomeCoordinator.swift in Sources */ = {isa = PBXBuildFile; fileRef = 11C7CD6429C46D7200D4811A /* HomeCoordinator.swift */; };
		90391755297192624104D8F8 /* Pods_SeekMaxAssessment.framework in Frameworks */ = {isa = PBXBuildFile; fileRef = 0769655BF65227ED0995EEE7 /* Pods_SeekMaxAssessment.framework */; };
/* End PBXBuildFile section */

/* Begin PBXFileReference section */
		0769655BF65227ED0995EEE7 /* Pods_SeekMaxAssessment.framework */ = {isa = PBXFileReference; explicitFileType = wrapper.framework; includeInIndex = 0; path = Pods_SeekMaxAssessment.framework; sourceTree = BUILT_PRODUCTS_DIR; };
		11C7CD3329C465B400D4811A /* SeekMaxAssessment.app */ = {isa = PBXFileReference; explicitFileType = wrapper.application; includeInIndex = 0; path = SeekMaxAssessment.app; sourceTree = BUILT_PRODUCTS_DIR; };
		11C7CD3629C465B400D4811A /* AppDelegate.swift */ = {isa = PBXFileReference; lastKnownFileType = sourcecode.swift; path = AppDelegate.swift; sourceTree = "<group>"; };
		11C7CD3A29C465B400D4811A /* MainViewController.swift */ = {isa = PBXFileReference; lastKnownFileType = sourcecode.swift; path = MainViewController.swift; sourceTree = "<group>"; };
		11C7CD3D29C465B400D4811A /* Base */ = {isa = PBXFileReference; lastKnownFileType = file.storyboard; name = Base; path = Base.lproj/Main.storyboard; sourceTree = "<group>"; };
		11C7CD3F29C465B600D4811A /* Assets.xcassets */ = {isa = PBXFileReference; lastKnownFileType = folder.assetcatalog; path = Assets.xcassets; sourceTree = "<group>"; };
		11C7CD4229C465B600D4811A /* Base */ = {isa = PBXFileReference; lastKnownFileType = file.storyboard; name = Base; path = Base.lproj/LaunchScreen.storyboard; sourceTree = "<group>"; };
		11C7CD4429C465B600D4811A /* Info.plist */ = {isa = PBXFileReference; lastKnownFileType = text.plist.xml; path = Info.plist; sourceTree = "<group>"; };
		11C7CD4D29C4698D00D4811A /* AppCoordinator.swift */ = {isa = PBXFileReference; lastKnownFileType = sourcecode.swift; path = AppCoordinator.swift; sourceTree = "<group>"; };
		11C7CD4F29C469DB00D4811A /* MainViewModel.swift */ = {isa = PBXFileReference; lastKnownFileType = sourcecode.swift; path = MainViewModel.swift; sourceTree = "<group>"; };
		11C7CD5229C46A6100D4811A /* UIViewControllerExtension.swift */ = {isa = PBXFileReference; lastKnownFileType = sourcecode.swift; path = UIViewControllerExtension.swift; sourceTree = "<group>"; };
		11C7CD5429C46A9500D4811A /* UIViewExtension.swift */ = {isa = PBXFileReference; lastKnownFileType = sourcecode.swift; path = UIViewExtension.swift; sourceTree = "<group>"; };
		11C7CD5829C46B4900D4811A /* swiftgen.yml */ = {isa = PBXFileReference; lastKnownFileType = text.yaml; path = swiftgen.yml; sourceTree = "<group>"; };
		11C7CD5B29C46B6200D4811A /* Storyboards.swift */ = {isa = PBXFileReference; lastKnownFileType = sourcecode.swift; path = Storyboards.swift; sourceTree = "<group>"; };
		11C7CD5E29C46CEF00D4811A /* Home.storyboard */ = {isa = PBXFileReference; lastKnownFileType = file.storyboard; path = Home.storyboard; sourceTree = "<group>"; };
		11C7CD6029C46D4300D4811A /* HomeViewController.swift */ = {isa = PBXFileReference; lastKnownFileType = sourcecode.swift; path = HomeViewController.swift; sourceTree = "<group>"; };
		11C7CD6229C46D6200D4811A /* HomeViewModel.swift */ = {isa = PBXFileReference; lastKnownFileType = sourcecode.swift; path = HomeViewModel.swift; sourceTree = "<group>"; };
		11C7CD6429C46D7200D4811A /* HomeCoordinator.swift */ = {isa = PBXFileReference; lastKnownFileType = sourcecode.swift; path = HomeCoordinator.swift; sourceTree = "<group>"; };
		5CA4A61A8B6FA91CEC000DA3 /* Pods-SeekMaxAssessment.debug.xcconfig */ = {isa = PBXFileReference; includeInIndex = 1; lastKnownFileType = text.xcconfig; name = "Pods-SeekMaxAssessment.debug.xcconfig"; path = "Target Support Files/Pods-SeekMaxAssessment/Pods-SeekMaxAssessment.debug.xcconfig"; sourceTree = "<group>"; };
		AB36F8C2A56A140B43E6D6EB /* Pods-SeekMaxAssessment.release.xcconfig */ = {isa = PBXFileReference; includeInIndex = 1; lastKnownFileType = text.xcconfig; name = "Pods-SeekMaxAssessment.release.xcconfig"; path = "Target Support Files/Pods-SeekMaxAssessment/Pods-SeekMaxAssessment.release.xcconfig"; sourceTree = "<group>"; };
/* End PBXFileReference section */

/* Begin PBXFrameworksBuildPhase section */
		11C7CD3029C465B400D4811A /* Frameworks */ = {
			isa = PBXFrameworksBuildPhase;
			buildActionMask = 2147483647;
			files = (
				90391755297192624104D8F8 /* Pods_SeekMaxAssessment.framework in Frameworks */,
			);
			runOnlyForDeploymentPostprocessing = 0;
		};
/* End PBXFrameworksBuildPhase section */

/* Begin PBXGroup section */
		11C7CD2A29C465B400D4811A = {
			isa = PBXGroup;
			children = (
				11C7CD3529C465B400D4811A /* SeekMaxAssessment */,
				11C7CD3429C465B400D4811A /* Products */,
				58ECDF408C1C0FBB0DEF01DE /* Pods */,
				ACF0C910A262C2ADB55ECC0A /* Frameworks */,
			);
			sourceTree = "<group>";
		};
		11C7CD3429C465B400D4811A /* Products */ = {
			isa = PBXGroup;
			children = (
				11C7CD3329C465B400D4811A /* SeekMaxAssessment.app */,
			);
			name = Products;
			sourceTree = "<group>";
		};
		11C7CD3529C465B400D4811A /* SeekMaxAssessment */ = {
			isa = PBXGroup;
			children = (
				11C7CD4A29C465F600D4811A /* UI */,
				11C7CD5129C46A4D00D4811A /* Utilities */,
				11C7CD5A29C46B5700D4811A /* Generated */,
				11C7CD4B29C4660700D4811A /* Resources */,
				11C7CD5629C46B2900D4811A /* Tools Configuration */,
			);
			path = SeekMaxAssessment;
			sourceTree = "<group>";
		};
		11C7CD4A29C465F600D4811A /* UI */ = {
			isa = PBXGroup;
			children = (
				11C7CD3629C465B400D4811A /* AppDelegate.swift */,
				11C7CD4129C465B600D4811A /* LaunchScreen.storyboard */,
				11C7CD4D29C4698D00D4811A /* AppCoordinator.swift */,
				11C7CD4C29C4694800D4811A /* Main */,
				11C7CD5D29C46CDF00D4811A /* Home */,
			);
			path = UI;
			sourceTree = "<group>";
		};
		11C7CD4B29C4660700D4811A /* Resources */ = {
			isa = PBXGroup;
			children = (
				11C7CD4429C465B600D4811A /* Info.plist */,
				11C7CD3F29C465B600D4811A /* Assets.xcassets */,
			);
			path = Resources;
			sourceTree = "<group>";
		};
		11C7CD4C29C4694800D4811A /* Main */ = {
			isa = PBXGroup;
			children = (
				11C7CD3C29C465B400D4811A /* Main.storyboard */,
				11C7CD3A29C465B400D4811A /* MainViewController.swift */,
				11C7CD4F29C469DB00D4811A /* MainViewModel.swift */,
			);
			path = Main;
			sourceTree = "<group>";
		};
		11C7CD5129C46A4D00D4811A /* Utilities */ = {
			isa = PBXGroup;
			children = (
				11C7CD5229C46A6100D4811A /* UIViewControllerExtension.swift */,
				11C7CD5429C46A9500D4811A /* UIViewExtension.swift */,
			);
			path = Utilities;
			sourceTree = "<group>";
		};
		11C7CD5629C46B2900D4811A /* Tools Configuration */ = {
			isa = PBXGroup;
			children = (
				11C7CD5729C46B3900D4811A /* SwiftGen */,
			);
			path = "Tools Configuration";
			sourceTree = "<group>";
		};
		11C7CD5729C46B3900D4811A /* SwiftGen */ = {
			isa = PBXGroup;
			children = (
				11C7CD5829C46B4900D4811A /* swiftgen.yml */,
			);
			path = SwiftGen;
			sourceTree = "<group>";
		};
		11C7CD5A29C46B5700D4811A /* Generated */ = {
			isa = PBXGroup;
			children = (
				11C7CD5B29C46B6200D4811A /* Storyboards.swift */,
			);
			path = Generated;
			sourceTree = "<group>";
		};
		11C7CD5D29C46CDF00D4811A /* Home */ = {
			isa = PBXGroup;
			children = (
				11C7CD5E29C46CEF00D4811A /* Home.storyboard */,
				11C7CD6429C46D7200D4811A /* HomeCoordinator.swift */,
				11C7CD6029C46D4300D4811A /* HomeViewController.swift */,
				11C7CD6229C46D6200D4811A /* HomeViewModel.swift */,
			);
			path = Home;
			sourceTree = "<group>";
		};
		58ECDF408C1C0FBB0DEF01DE /* Pods */ = {
			isa = PBXGroup;
			children = (
				5CA4A61A8B6FA91CEC000DA3 /* Pods-SeekMaxAssessment.debug.xcconfig */,
				AB36F8C2A56A140B43E6D6EB /* Pods-SeekMaxAssessment.release.xcconfig */,
			);
			path = Pods;
			sourceTree = "<group>";
		};
		ACF0C910A262C2ADB55ECC0A /* Frameworks */ = {
			isa = PBXGroup;
			children = (
				0769655BF65227ED0995EEE7 /* Pods_SeekMaxAssessment.framework */,
			);
			name = Frameworks;
			sourceTree = "<group>";
		};
/* End PBXGroup section */

/* Begin PBXNativeTarget section */
		11C7CD3229C465B400D4811A /* SeekMaxAssessment */ = {
			isa = PBXNativeTarget;
			buildConfigurationList = 11C7CD4729C465B600D4811A /* Build configuration list for PBXNativeTarget "SeekMaxAssessment" */;
			buildPhases = (
				A5379043142EFC4A4076CB18 /* [CP] Check Pods Manifest.lock */,
				11C7CD2F29C465B400D4811A /* Sources */,
				11C7CD3029C465B400D4811A /* Frameworks */,
				11C7CD3129C465B400D4811A /* Resources */,
			);
			buildRules = (
			);
			dependencies = (
			);
			name = SeekMaxAssessment;
			productName = SeekMaxAssessment;
			productReference = 11C7CD3329C465B400D4811A /* SeekMaxAssessment.app */;
			productType = "com.apple.product-type.application";
		};
/* End PBXNativeTarget section */

/* Begin PBXProject section */
		11C7CD2B29C465B400D4811A /* Project object */ = {
			isa = PBXProject;
			attributes = {
				BuildIndependentTargetsInParallel = 1;
				LastSwiftUpdateCheck = 1400;
				LastUpgradeCheck = 1400;
				TargetAttributes = {
					11C7CD3229C465B400D4811A = {
						CreatedOnToolsVersion = 14.0;
					};
				};
			};
			buildConfigurationList = 11C7CD2E29C465B400D4811A /* Build configuration list for PBXProject "SeekMaxAssessment" */;
			compatibilityVersion = "Xcode 14.0";
			developmentRegion = en;
			hasScannedForEncodings = 0;
			knownRegions = (
				en,
				Base,
			);
			mainGroup = 11C7CD2A29C465B400D4811A;
			productRefGroup = 11C7CD3429C465B400D4811A /* Products */;
			projectDirPath = "";
			projectRoot = "";
			targets = (
				11C7CD3229C465B400D4811A /* SeekMaxAssessment */,
			);
		};
/* End PBXProject section */

/* Begin PBXResourcesBuildPhase section */
		11C7CD3129C465B400D4811A /* Resources */ = {
			isa = PBXResourcesBuildPhase;
			buildActionMask = 2147483647;
			files = (
				11C7CD4329C465B600D4811A /* LaunchScreen.storyboard in Resources */,
				11C7CD5F29C46CEF00D4811A /* Home.storyboard in Resources */,
				11C7CD5929C46B4900D4811A /* swiftgen.yml in Resources */,
				11C7CD4029C465B600D4811A /* Assets.xcassets in Resources */,
				11C7CD3E29C465B400D4811A /* Main.storyboard in Resources */,
			);
			runOnlyForDeploymentPostprocessing = 0;
		};
/* End PBXResourcesBuildPhase section */

/* Begin PBXShellScriptBuildPhase section */
		A5379043142EFC4A4076CB18 /* [CP] Check Pods Manifest.lock */ = {
			isa = PBXShellScriptBuildPhase;
			buildActionMask = 2147483647;
			files = (
			);
			inputFileListPaths = (
			);
			inputPaths = (
				"${PODS_PODFILE_DIR_PATH}/Podfile.lock",
				"${PODS_ROOT}/Manifest.lock",
			);
			name = "[CP] Check Pods Manifest.lock";
			outputFileListPaths = (
			);
			outputPaths = (
				"$(DERIVED_FILE_DIR)/Pods-SeekMaxAssessment-checkManifestLockResult.txt",
			);
			runOnlyForDeploymentPostprocessing = 0;
			shellPath = /bin/sh;
			shellScript = "diff \"${PODS_PODFILE_DIR_PATH}/Podfile.lock\" \"${PODS_ROOT}/Manifest.lock\" > /dev/null\nif [ $? != 0 ] ; then\n    # print error to STDERR\n    echo \"error: The sandbox is not in sync with the Podfile.lock. Run 'pod install' or update your CocoaPods installation.\" >&2\n    exit 1\nfi\n# This output is used by Xcode 'outputs' to avoid re-running this script phase.\necho \"SUCCESS\" > \"${SCRIPT_OUTPUT_FILE_0}\"\n";
			showEnvVarsInLog = 0;
		};
/* End PBXShellScriptBuildPhase section */

/* Begin PBXSourcesBuildPhase section */
		11C7CD2F29C465B400D4811A /* Sources */ = {
			isa = PBXSourcesBuildPhase;
			buildActionMask = 2147483647;
			files = (
				11C7CD5529C46A9500D4811A /* UIViewExtension.swift in Sources */,
				11C7CD6329C46D6200D4811A /* HomeViewModel.swift in Sources */,
				11C7CD4E29C4698D00D4811A /* AppCoordinator.swift in Sources */,
				11C7CD3B29C465B400D4811A /* MainViewController.swift in Sources */,
				11C7CD6129C46D4300D4811A /* HomeViewController.swift in Sources */,
				11C7CD5329C46A6100D4811A /* UIViewControllerExtension.swift in Sources */,
				11C7CD3729C465B400D4811A /* AppDelegate.swift in Sources */,
				11C7CD6529C46D7200D4811A /* HomeCoordinator.swift in Sources */,
				11C7CD5029C469DB00D4811A /* MainViewModel.swift in Sources */,
				11C7CD5C29C46B6200D4811A /* Storyboards.swift in Sources */,
			);
			runOnlyForDeploymentPostprocessing = 0;
		};
/* End PBXSourcesBuildPhase section */

/* Begin PBXVariantGroup section */
		11C7CD3C29C465B400D4811A /* Main.storyboard */ = {
			isa = PBXVariantGroup;
			children = (
				11C7CD3D29C465B400D4811A /* Base */,
			);
			name = Main.storyboard;
			sourceTree = "<group>";
		};
		11C7CD4129C465B600D4811A /* LaunchScreen.storyboard */ = {
			isa = PBXVariantGroup;
			children = (
				11C7CD4229C465B600D4811A /* Base */,
			);
			name = LaunchScreen.storyboard;
			sourceTree = "<group>";
		};
/* End PBXVariantGroup section */

/* Begin XCBuildConfiguration section */
		11C7CD4529C465B600D4811A /* Debug */ = {
			isa = XCBuildConfiguration;
			buildSettings = {
				ALWAYS_SEARCH_USER_PATHS = NO;
				CLANG_ANALYZER_NONNULL = YES;
				CLANG_ANALYZER_NUMBER_OBJECT_CONVERSION = YES_AGGRESSIVE;
				CLANG_CXX_LANGUAGE_STANDARD = "gnu++20";
				CLANG_ENABLE_MODULES = YES;
				CLANG_ENABLE_OBJC_ARC = YES;
				CLANG_ENABLE_OBJC_WEAK = YES;
				CLANG_WARN_BLOCK_CAPTURE_AUTORELEASING = YES;
				CLANG_WARN_BOOL_CONVERSION = YES;
				CLANG_WARN_COMMA = YES;
				CLANG_WARN_CONSTANT_CONVERSION = YES;
				CLANG_WARN_DEPRECATED_OBJC_IMPLEMENTATIONS = YES;
				CLANG_WARN_DIRECT_OBJC_ISA_USAGE = YES_ERROR;
				CLANG_WARN_DOCUMENTATION_COMMENTS = YES;
				CLANG_WARN_EMPTY_BODY = YES;
				CLANG_WARN_ENUM_CONVERSION = YES;
				CLANG_WARN_INFINITE_RECURSION = YES;
				CLANG_WARN_INT_CONVERSION = YES;
				CLANG_WARN_NON_LITERAL_NULL_CONVERSION = YES;
				CLANG_WARN_OBJC_IMPLICIT_RETAIN_SELF = YES;
				CLANG_WARN_OBJC_LITERAL_CONVERSION = YES;
				CLANG_WARN_OBJC_ROOT_CLASS = YES_ERROR;
				CLANG_WARN_QUOTED_INCLUDE_IN_FRAMEWORK_HEADER = YES;
				CLANG_WARN_RANGE_LOOP_ANALYSIS = YES;
				CLANG_WARN_STRICT_PROTOTYPES = YES;
				CLANG_WARN_SUSPICIOUS_MOVE = YES;
				CLANG_WARN_UNGUARDED_AVAILABILITY = YES_AGGRESSIVE;
				CLANG_WARN_UNREACHABLE_CODE = YES;
				CLANG_WARN__DUPLICATE_METHOD_MATCH = YES;
				COPY_PHASE_STRIP = NO;
				DEBUG_INFORMATION_FORMAT = dwarf;
				ENABLE_STRICT_OBJC_MSGSEND = YES;
				ENABLE_TESTABILITY = YES;
				GCC_C_LANGUAGE_STANDARD = gnu11;
				GCC_DYNAMIC_NO_PIC = NO;
				GCC_NO_COMMON_BLOCKS = YES;
				GCC_OPTIMIZATION_LEVEL = 0;
				GCC_PREPROCESSOR_DEFINITIONS = (
					"DEBUG=1",
					"$(inherited)",
				);
				GCC_WARN_64_TO_32_BIT_CONVERSION = YES;
				GCC_WARN_ABOUT_RETURN_TYPE = YES_ERROR;
				GCC_WARN_UNDECLARED_SELECTOR = YES;
				GCC_WARN_UNINITIALIZED_AUTOS = YES_AGGRESSIVE;
				GCC_WARN_UNUSED_FUNCTION = YES;
				GCC_WARN_UNUSED_VARIABLE = YES;
				IPHONEOS_DEPLOYMENT_TARGET = 13.0;
				MTL_ENABLE_DEBUG_INFO = INCLUDE_SOURCE;
				MTL_FAST_MATH = YES;
				ONLY_ACTIVE_ARCH = YES;
				SDKROOT = iphoneos;
				SWIFT_ACTIVE_COMPILATION_CONDITIONS = DEBUG;
				SWIFT_OPTIMIZATION_LEVEL = "-Onone";
			};
			name = Debug;
		};
		11C7CD4629C465B600D4811A /* Release */ = {
			isa = XCBuildConfiguration;
			buildSettings = {
				ALWAYS_SEARCH_USER_PATHS = NO;
				CLANG_ANALYZER_NONNULL = YES;
				CLANG_ANALYZER_NUMBER_OBJECT_CONVERSION = YES_AGGRESSIVE;
				CLANG_CXX_LANGUAGE_STANDARD = "gnu++20";
				CLANG_ENABLE_MODULES = YES;
				CLANG_ENABLE_OBJC_ARC = YES;
				CLANG_ENABLE_OBJC_WEAK = YES;
				CLANG_WARN_BLOCK_CAPTURE_AUTORELEASING = YES;
				CLANG_WARN_BOOL_CONVERSION = YES;
				CLANG_WARN_COMMA = YES;
				CLANG_WARN_CONSTANT_CONVERSION = YES;
				CLANG_WARN_DEPRECATED_OBJC_IMPLEMENTATIONS = YES;
				CLANG_WARN_DIRECT_OBJC_ISA_USAGE = YES_ERROR;
				CLANG_WARN_DOCUMENTATION_COMMENTS = YES;
				CLANG_WARN_EMPTY_BODY = YES;
				CLANG_WARN_ENUM_CONVERSION = YES;
				CLANG_WARN_INFINITE_RECURSION = YES;
				CLANG_WARN_INT_CONVERSION = YES;
				CLANG_WARN_NON_LITERAL_NULL_CONVERSION = YES;
				CLANG_WARN_OBJC_IMPLICIT_RETAIN_SELF = YES;
				CLANG_WARN_OBJC_LITERAL_CONVERSION = YES;
				CLANG_WARN_OBJC_ROOT_CLASS = YES_ERROR;
				CLANG_WARN_QUOTED_INCLUDE_IN_FRAMEWORK_HEADER = YES;
				CLANG_WARN_RANGE_LOOP_ANALYSIS = YES;
				CLANG_WARN_STRICT_PROTOTYPES = YES;
				CLANG_WARN_SUSPICIOUS_MOVE = YES;
				CLANG_WARN_UNGUARDED_AVAILABILITY = YES_AGGRESSIVE;
				CLANG_WARN_UNREACHABLE_CODE = YES;
				CLANG_WARN__DUPLICATE_METHOD_MATCH = YES;
				COPY_PHASE_STRIP = NO;
				DEBUG_INFORMATION_FORMAT = "dwarf-with-dsym";
				ENABLE_NS_ASSERTIONS = NO;
				ENABLE_STRICT_OBJC_MSGSEND = YES;
				GCC_C_LANGUAGE_STANDARD = gnu11;
				GCC_NO_COMMON_BLOCKS = YES;
				GCC_WARN_64_TO_32_BIT_CONVERSION = YES;
				GCC_WARN_ABOUT_RETURN_TYPE = YES_ERROR;
				GCC_WARN_UNDECLARED_SELECTOR = YES;
				GCC_WARN_UNINITIALIZED_AUTOS = YES_AGGRESSIVE;
				GCC_WARN_UNUSED_FUNCTION = YES;
				GCC_WARN_UNUSED_VARIABLE = YES;
				IPHONEOS_DEPLOYMENT_TARGET = 13.0;
				MTL_ENABLE_DEBUG_INFO = NO;
				MTL_FAST_MATH = YES;
				SDKROOT = iphoneos;
				SWIFT_COMPILATION_MODE = wholemodule;
				SWIFT_OPTIMIZATION_LEVEL = "-O";
				VALIDATE_PRODUCT = YES;
			};
			name = Release;
		};
		11C7CD4829C465B600D4811A /* Debug */ = {
			isa = XCBuildConfiguration;
			baseConfigurationReference = 5CA4A61A8B6FA91CEC000DA3 /* Pods-SeekMaxAssessment.debug.xcconfig */;
			buildSettings = {
				ASSETCATALOG_COMPILER_APPICON_NAME = AppIcon;
				ASSETCATALOG_COMPILER_GLOBAL_ACCENT_COLOR_NAME = AccentColor;
				CODE_SIGN_STYLE = Automatic;
				CURRENT_PROJECT_VERSION = 1;
				DEVELOPMENT_TEAM = ZTL8RARQZ9;
				GENERATE_INFOPLIST_FILE = YES;
				INFOPLIST_FILE = SeekMaxAssessment/Resources/Info.plist;
				INFOPLIST_KEY_UIApplicationSupportsIndirectInputEvents = YES;
				INFOPLIST_KEY_UILaunchStoryboardName = LaunchScreen;
				INFOPLIST_KEY_UIMainStoryboardFile = Main;
				INFOPLIST_KEY_UISupportedInterfaceOrientations_iPad = "UIInterfaceOrientationPortrait UIInterfaceOrientationPortraitUpsideDown UIInterfaceOrientationLandscapeLeft UIInterfaceOrientationLandscapeRight";
				INFOPLIST_KEY_UISupportedInterfaceOrientations_iPhone = "UIInterfaceOrientationPortrait UIInterfaceOrientationLandscapeLeft UIInterfaceOrientationLandscapeRight";
				IPHONEOS_DEPLOYMENT_TARGET = 13.0;
				LD_RUNPATH_SEARCH_PATHS = (
					"$(inherited)",
					"@executable_path/Frameworks",
				);
				MARKETING_VERSION = 1.0;
				PRODUCT_BUNDLE_IDENTIFIER = com.seek.SeekMaxAssessment;
				PRODUCT_NAME = "$(TARGET_NAME)";
				SWIFT_EMIT_LOC_STRINGS = YES;
				SWIFT_VERSION = 5.0;
				TARGETED_DEVICE_FAMILY = "1,2";
			};
			name = Debug;
		};
		11C7CD4929C465B600D4811A /* Release */ = {
			isa = XCBuildConfiguration;
			baseConfigurationReference = AB36F8C2A56A140B43E6D6EB /* Pods-SeekMaxAssessment.release.xcconfig */;
			buildSettings = {
				ASSETCATALOG_COMPILER_APPICON_NAME = AppIcon;
				ASSETCATALOG_COMPILER_GLOBAL_ACCENT_COLOR_NAME = AccentColor;
				CODE_SIGN_STYLE = Automatic;
				CURRENT_PROJECT_VERSION = 1;
				DEVELOPMENT_TEAM = ZTL8RARQZ9;
				GENERATE_INFOPLIST_FILE = YES;
				INFOPLIST_FILE = SeekMaxAssessment/Resources/Info.plist;
				INFOPLIST_KEY_UIApplicationSupportsIndirectInputEvents = YES;
				INFOPLIST_KEY_UILaunchStoryboardName = LaunchScreen;
				INFOPLIST_KEY_UIMainStoryboardFile = Main;
				INFOPLIST_KEY_UISupportedInterfaceOrientations_iPad = "UIInterfaceOrientationPortrait UIInterfaceOrientationPortraitUpsideDown UIInterfaceOrientationLandscapeLeft UIInterfaceOrientationLandscapeRight";
				INFOPLIST_KEY_UISupportedInterfaceOrientations_iPhone = "UIInterfaceOrientationPortrait UIInterfaceOrientationLandscapeLeft UIInterfaceOrientationLandscapeRight";
				IPHONEOS_DEPLOYMENT_TARGET = 13.0;
				LD_RUNPATH_SEARCH_PATHS = (
					"$(inherited)",
					"@executable_path/Frameworks",
				);
				MARKETING_VERSION = 1.0;
				PRODUCT_BUNDLE_IDENTIFIER = com.seek.SeekMaxAssessment;
				PRODUCT_NAME = "$(TARGET_NAME)";
				SWIFT_EMIT_LOC_STRINGS = YES;
				SWIFT_VERSION = 5.0;
				TARGETED_DEVICE_FAMILY = "1,2";
			};
			name = Release;
		};
/* End XCBuildConfiguration section */

/* Begin XCConfigurationList section */
		11C7CD2E29C465B400D4811A /* Build configuration list for PBXProject "SeekMaxAssessment" */ = {
			isa = XCConfigurationList;
			buildConfigurations = (
				11C7CD4529C465B600D4811A /* Debug */,
				11C7CD4629C465B600D4811A /* Release */,
			);
			defaultConfigurationIsVisible = 0;
			defaultConfigurationName = Release;
		};
		11C7CD4729C465B600D4811A /* Build configuration list for PBXNativeTarget "SeekMaxAssessment" */ = {
			isa = XCConfigurationList;
			buildConfigurations = (
				11C7CD4829C465B600D4811A /* Debug */,
				11C7CD4929C465B600D4811A /* Release */,
			);
			defaultConfigurationIsVisible = 0;
			defaultConfigurationName = Release;
		};
/* End XCConfigurationList section */
	};
	rootObject = 11C7CD2B29C465B400D4811A /* Project object */;
}
